
Microsoft Visual Studio Solution File, Format Version 12.00
# Visual Studio Version 16
VisualStudioVersion = 16.0.30204.135
MinimumVisualStudioVersion = 10.0.40219.1
Project("{9A19103F-16F7-4668-BE54-9A1E7A4F7556}") = "GranSteL.Chatbot.Api", "GranSteL.Chatbot.Api\GranSteL.Chatbot.Api.csproj", "{57253AE6-A026-4050-A04B-4B3A5969BE01}"
EndProject
Project("{9A19103F-16F7-4668-BE54-9A1E7A4F7556}") = "GranSteL.Chatbot.Models", "GranSteL.Chatbot.Models\GranSteL.Chatbot.Models.csproj", "{2A901FDB-238B-4510-BB1D-6D169361FA60}"
EndProject
Project("{9A19103F-16F7-4668-BE54-9A1E7A4F7556}") = "GranSteL.Chatbot.Services", "GranSteL.Chatbot.Services\GranSteL.Chatbot.Services.csproj", "{795BC172-BD86-4A15-BBDD-A9696F7DEE27}"
EndProject
Project("{2150E333-8FDC-42A3-9474-1A3956D46DE8}") = "0 - Tests", "0 - Tests", "{7550458D-AF2F-4233-BF54-49C36113F587}"
EndProject
Project("{9A19103F-16F7-4668-BE54-9A1E7A4F7556}") = "GranSteL.Chatbot.Services.Tests", "GranSteL.Chatbot.Services.Tests\GranSteL.Chatbot.Services.Tests.csproj", "{0460EC82-4E93-4C91-8372-BF1CEFA51D91}"
EndProject
Project("{9A19103F-16F7-4668-BE54-9A1E7A4F7556}") = "GranSteL.Chatbot.Messengers.Tests", "GranSteL.Chatbot.Messengers.Tests\GranSteL.Chatbot.Messengers.Tests.csproj", "{ED5525FF-28D9-48B7-8D0C-4125F63E12BD}"
EndProject
Project("{9A19103F-16F7-4668-BE54-9A1E7A4F7556}") = "GranSteL.Chatbot.Messengers", "GranSteL.Chatbot.Messengers\GranSteL.Chatbot.Messengers.csproj", "{F3415D07-3FF7-45FC-AB9E-278BC2EC6157}"
EndProject
Project("{2150E333-8FDC-42A3-9474-1A3956D46DE8}") = "Messengers", "Messengers", "{ECB31418-3F4F-411C-8AD4-65C342B46B94}"
EndProject
Global
	GlobalSection(SolutionConfigurationPlatforms) = preSolution
		Debug|Any CPU = Debug|Any CPU
		Release|Any CPU = Release|Any CPU
	EndGlobalSection
	GlobalSection(ProjectConfigurationPlatforms) = postSolution
		{57253AE6-A026-4050-A04B-4B3A5969BE01}.Debug|Any CPU.ActiveCfg = Debug|Any CPU
		{57253AE6-A026-4050-A04B-4B3A5969BE01}.Debug|Any CPU.Build.0 = Debug|Any CPU
		{57253AE6-A026-4050-A04B-4B3A5969BE01}.Release|Any CPU.ActiveCfg = Release|Any CPU
		{57253AE6-A026-4050-A04B-4B3A5969BE01}.Release|Any CPU.Build.0 = Release|Any CPU
		{2A901FDB-238B-4510-BB1D-6D169361FA60}.Debug|Any CPU.ActiveCfg = Debug|Any CPU
		{2A901FDB-238B-4510-BB1D-6D169361FA60}.Debug|Any CPU.Build.0 = Debug|Any CPU
		{2A901FDB-238B-4510-BB1D-6D169361FA60}.Release|Any CPU.ActiveCfg = Release|Any CPU
		{2A901FDB-238B-4510-BB1D-6D169361FA60}.Release|Any CPU.Build.0 = Release|Any CPU
		{795BC172-BD86-4A15-BBDD-A9696F7DEE27}.Debug|Any CPU.ActiveCfg = Debug|Any CPU
		{795BC172-BD86-4A15-BBDD-A9696F7DEE27}.Debug|Any CPU.Build.0 = Debug|Any CPU
		{795BC172-BD86-4A15-BBDD-A9696F7DEE27}.Release|Any CPU.ActiveCfg = Release|Any CPU
		{795BC172-BD86-4A15-BBDD-A9696F7DEE27}.Release|Any CPU.Build.0 = Release|Any CPU
		{0460EC82-4E93-4C91-8372-BF1CEFA51D91}.Debug|Any CPU.ActiveCfg = Debug|Any CPU
		{0460EC82-4E93-4C91-8372-BF1CEFA51D91}.Debug|Any CPU.Build.0 = Debug|Any CPU
		{0460EC82-4E93-4C91-8372-BF1CEFA51D91}.Release|Any CPU.ActiveCfg = Release|Any CPU
		{0460EC82-4E93-4C91-8372-BF1CEFA51D91}.Release|Any CPU.Build.0 = Release|Any CPU
		{ED5525FF-28D9-48B7-8D0C-4125F63E12BD}.Debug|Any CPU.ActiveCfg = Debug|Any CPU
		{ED5525FF-28D9-48B7-8D0C-4125F63E12BD}.Debug|Any CPU.Build.0 = Debug|Any CPU
		{ED5525FF-28D9-48B7-8D0C-4125F63E12BD}.Release|Any CPU.ActiveCfg = Release|Any CPU
		{ED5525FF-28D9-48B7-8D0C-4125F63E12BD}.Release|Any CPU.Build.0 = Release|Any CPU
		{F3415D07-3FF7-45FC-AB9E-278BC2EC6157}.Debug|Any CPU.ActiveCfg = Debug|Any CPU
		{F3415D07-3FF7-45FC-AB9E-278BC2EC6157}.Debug|Any CPU.Build.0 = Debug|Any CPU
		{F3415D07-3FF7-45FC-AB9E-278BC2EC6157}.Release|Any CPU.ActiveCfg = Release|Any CPU
		{F3415D07-3FF7-45FC-AB9E-278BC2EC6157}.Release|Any CPU.Build.0 = Release|Any CPU
	EndGlobalSection
	GlobalSection(SolutionProperties) = preSolution
		HideSolutionNode = FALSE
	EndGlobalSection
	GlobalSection(NestedProjects) = preSolution
		{0460EC82-4E93-4C91-8372-BF1CEFA51D91} = {7550458D-AF2F-4233-BF54-49C36113F587}
		{ED5525FF-28D9-48B7-8D0C-4125F63E12BD} = {7550458D-AF2F-4233-BF54-49C36113F587}
		{F3415D07-3FF7-45FC-AB9E-278BC2EC6157} = {ECB31418-3F4F-411C-8AD4-65C342B46B94}
	EndGlobalSection
	GlobalSection(ExtensibilityGlobals) = postSolution
		SolutionGuid = {F8B87A9C-C6A0-4ACE-A76D-013674B4D97A}
	EndGlobalSection
EndGlobal
